
Microsoft Visual Studio Solution File, Format Version 12.00
# Visual Studio Version 17
VisualStudioVersion = 17.8.34330.188
MinimumVisualStudioVersion = 10.0.40219.1
Project("{9A19103F-16F7-4668-BE54-9A1E7A4F7556}") = "HMMain6", "HMMain6.csproj", "{35B3604F-D7A2-4283-B18F-4D1AFDE669F9}"
EndProject
Project("{9A19103F-16F7-4668-BE54-9A1E7A4F7556}") = "DbInput", "..\DbInput\DbInput.csproj", "{F29FFF12-C912-4A07-8A09-DD39EBDF123A}"
EndProject
Project("{9A19103F-16F7-4668-BE54-9A1E7A4F7556}") = "DalOfAddress", "..\DalOfAddress\DalOfAddress.csproj", "{A95D89DB-2682-4E8B-8BFC-8F22E8C35BA2}"
EndProject
Project("{9A19103F-16F7-4668-BE54-9A1E7A4F7556}") = "ECCMain_Core", "..\ECCMain_Core\ECCMain_Core.csproj", "{EBE3DA55-DAA3-4194-951A-1E21FC207646}"
EndProject
Project("{9A19103F-16F7-4668-BE54-9A1E7A4F7556}") = "DrawObj", "..\DrawObj\DrawObj.csproj", "{B8C36E8B-37D7-4372-A98F-3BF2EB25D986}"
EndProject
Project("{9A19103F-16F7-4668-BE54-9A1E7A4F7556}") = "ModelBase", "..\ModelBase\ModelBase.csproj", "{97CDF00D-22CE-4E5A-A80B-9874534E1D2A}"
EndProject
Project("{9A19103F-16F7-4668-BE54-9A1E7A4F7556}") = "CommonClass", "..\CommonClass\CommonClass.csproj", "{80986745-C04F-46B5-A2A1-6981055AD41D}"
EndProject
Project("{8BC9CEB8-8B4A-11D0-8D11-00A0C91BC942}") = "LibToCal", "..\..\CUDA\LibToCal\LibToCal.vcxproj", "{48B7B6C5-8309-4274-9DD7-E42644B4D412}"
EndProject
Project("{9A19103F-16F7-4668-BE54-9A1E7A4F7556}") = "TcpFunction", "..\TcpFunction\TcpFunction.csproj", "{C27F2323-D81B-4FCE-916D-32974814DB7B}"
EndProject
Project("{FAE04EC0-301F-11D3-BF4B-00C04F79EFBC}") = "WsOfWebClient", "..\WsOfWebClient\WsOfWebClient.csproj", "{5D7CCDD8-E712-4CB1-90B0-C5901CEA1C0D}"
EndProject
Global
	GlobalSection(SolutionConfigurationPlatforms) = preSolution
		Debug|Any CPU = Debug|Any CPU
		Debug|x64 = Debug|x64
		Release|Any CPU = Release|Any CPU
		Release|x64 = Release|x64
	EndGlobalSection
	GlobalSection(ProjectConfigurationPlatforms) = postSolution
		{35B3604F-D7A2-4283-B18F-4D1AFDE669F9}.Debug|Any CPU.ActiveCfg = Debug|Any CPU
		{35B3604F-D7A2-4283-B18F-4D1AFDE669F9}.Debug|Any CPU.Build.0 = Debug|Any CPU
		{35B3604F-D7A2-4283-B18F-4D1AFDE669F9}.Debug|x64.ActiveCfg = Debug|Any CPU
		{35B3604F-D7A2-4283-B18F-4D1AFDE669F9}.Debug|x64.Build.0 = Debug|Any CPU
		{35B3604F-D7A2-4283-B18F-4D1AFDE669F9}.Release|Any CPU.ActiveCfg = Release|Any CPU
		{35B3604F-D7A2-4283-B18F-4D1AFDE669F9}.Release|Any CPU.Build.0 = Release|Any CPU
		{35B3604F-D7A2-4283-B18F-4D1AFDE669F9}.Release|x64.ActiveCfg = Release|Any CPU
		{35B3604F-D7A2-4283-B18F-4D1AFDE669F9}.Release|x64.Build.0 = Release|Any CPU
		{F29FFF12-C912-4A07-8A09-DD39EBDF123A}.Debug|Any CPU.ActiveCfg = Debug|Any CPU
		{F29FFF12-C912-4A07-8A09-DD39EBDF123A}.Debug|Any CPU.Build.0 = Debug|Any CPU
		{F29FFF12-C912-4A07-8A09-DD39EBDF123A}.Debug|x64.ActiveCfg = Debug|Any CPU
		{F29FFF12-C912-4A07-8A09-DD39EBDF123A}.Debug|x64.Build.0 = Debug|Any CPU
		{F29FFF12-C912-4A07-8A09-DD39EBDF123A}.Release|Any CPU.ActiveCfg = Release|Any CPU
		{F29FFF12-C912-4A07-8A09-DD39EBDF123A}.Release|Any CPU.Build.0 = Release|Any CPU
		{F29FFF12-C912-4A07-8A09-DD39EBDF123A}.Release|x64.ActiveCfg = Release|Any CPU
		{F29FFF12-C912-4A07-8A09-DD39EBDF123A}.Release|x64.Build.0 = Release|Any CPU
		{A95D89DB-2682-4E8B-8BFC-8F22E8C35BA2}.Debug|Any CPU.ActiveCfg = Debug|Any CPU
		{A95D89DB-2682-4E8B-8BFC-8F22E8C35BA2}.Debug|Any CPU.Build.0 = Debug|Any CPU
		{A95D89DB-2682-4E8B-8BFC-8F22E8C35BA2}.Debug|x64.ActiveCfg = Debug|Any CPU
		{A95D89DB-2682-4E8B-8BFC-8F22E8C35BA2}.Debug|x64.Build.0 = Debug|Any CPU
		{A95D89DB-2682-4E8B-8BFC-8F22E8C35BA2}.Release|Any CPU.ActiveCfg = Release|Any CPU
		{A95D89DB-2682-4E8B-8BFC-8F22E8C35BA2}.Release|Any CPU.Build.0 = Release|Any CPU
		{A95D89DB-2682-4E8B-8BFC-8F22E8C35BA2}.Release|x64.ActiveCfg = Release|Any CPU
		{A95D89DB-2682-4E8B-8BFC-8F22E8C35BA2}.Release|x64.Build.0 = Release|Any CPU
		{EBE3DA55-DAA3-4194-951A-1E21FC207646}.Debug|Any CPU.ActiveCfg = Debug|Any CPU
		{EBE3DA55-DAA3-4194-951A-1E21FC207646}.Debug|Any CPU.Build.0 = Debug|Any CPU
		{EBE3DA55-DAA3-4194-951A-1E21FC207646}.Debug|x64.ActiveCfg = Debug|Any CPU
		{EBE3DA55-DAA3-4194-951A-1E21FC207646}.Debug|x64.Build.0 = Debug|Any CPU
		{EBE3DA55-DAA3-4194-951A-1E21FC207646}.Release|Any CPU.ActiveCfg = Release|Any CPU
		{EBE3DA55-DAA3-4194-951A-1E21FC207646}.Release|Any CPU.Build.0 = Release|Any CPU
		{EBE3DA55-DAA3-4194-951A-1E21FC207646}.Release|x64.ActiveCfg = Release|Any CPU
		{EBE3DA55-DAA3-4194-951A-1E21FC207646}.Release|x64.Build.0 = Release|Any CPU
		{B8C36E8B-37D7-4372-A98F-3BF2EB25D986}.Debug|Any CPU.ActiveCfg = Debug|Any CPU
		{B8C36E8B-37D7-4372-A98F-3BF2EB25D986}.Debug|Any CPU.Build.0 = Debug|Any CPU
		{B8C36E8B-37D7-4372-A98F-3BF2EB25D986}.Debug|x64.ActiveCfg = Debug|Any CPU
		{B8C36E8B-37D7-4372-A98F-3BF2EB25D986}.Debug|x64.Build.0 = Debug|Any CPU
		{B8C36E8B-37D7-4372-A98F-3BF2EB25D986}.Release|Any CPU.ActiveCfg = Release|Any CPU
		{B8C36E8B-37D7-4372-A98F-3BF2EB25D986}.Release|Any CPU.Build.0 = Release|Any CPU
		{B8C36E8B-37D7-4372-A98F-3BF2EB25D986}.Release|x64.ActiveCfg = Release|Any CPU
		{B8C36E8B-37D7-4372-A98F-3BF2EB25D986}.Release|x64.Build.0 = Release|Any CPU
		{97CDF00D-22CE-4E5A-A80B-9874534E1D2A}.Debug|Any CPU.ActiveCfg = Debug|Any CPU
		{97CDF00D-22CE-4E5A-A80B-9874534E1D2A}.Debug|Any CPU.Build.0 = Debug|Any CPU
		{97CDF00D-22CE-4E5A-A80B-9874534E1D2A}.Debug|x64.ActiveCfg = Debug|Any CPU
		{97CDF00D-22CE-4E5A-A80B-9874534E1D2A}.Debug|x64.Build.0 = Debug|Any CPU
		{97CDF00D-22CE-4E5A-A80B-9874534E1D2A}.Release|Any CPU.ActiveCfg = Release|Any CPU
		{97CDF00D-22CE-4E5A-A80B-9874534E1D2A}.Release|Any CPU.Build.0 = Release|Any CPU
		{97CDF00D-22CE-4E5A-A80B-9874534E1D2A}.Release|x64.ActiveCfg = Release|Any CPU
		{97CDF00D-22CE-4E5A-A80B-9874534E1D2A}.Release|x64.Build.0 = Release|Any CPU
		{80986745-C04F-46B5-A2A1-6981055AD41D}.Debug|Any CPU.ActiveCfg = Debug|Any CPU
		{80986745-C04F-46B5-A2A1-6981055AD41D}.Debug|Any CPU.Build.0 = Debug|Any CPU
		{80986745-C04F-46B5-A2A1-6981055AD41D}.Debug|x64.ActiveCfg = Debug|Any CPU
		{80986745-C04F-46B5-A2A1-6981055AD41D}.Debug|x64.Build.0 = Debug|Any CPU
		{80986745-C04F-46B5-A2A1-6981055AD41D}.Release|Any CPU.ActiveCfg = Release|Any CPU
		{80986745-C04F-46B5-A2A1-6981055AD41D}.Release|Any CPU.Build.0 = Release|Any CPU
		{80986745-C04F-46B5-A2A1-6981055AD41D}.Release|x64.ActiveCfg = Release|Any CPU
		{80986745-C04F-46B5-A2A1-6981055AD41D}.Release|x64.Build.0 = Release|Any CPU
		{48B7B6C5-8309-4274-9DD7-E42644B4D412}.Debug|Any CPU.ActiveCfg = Debug|x64
		{48B7B6C5-8309-4274-9DD7-E42644B4D412}.Debug|Any CPU.Build.0 = Debug|x64
		{48B7B6C5-8309-4274-9DD7-E42644B4D412}.Debug|x64.ActiveCfg = Debug|x64
		{48B7B6C5-8309-4274-9DD7-E42644B4D412}.Debug|x64.Build.0 = Debug|x64
		{48B7B6C5-8309-4274-9DD7-E42644B4D412}.Release|Any CPU.ActiveCfg = Release|x64
		{48B7B6C5-8309-4274-9DD7-E42644B4D412}.Release|Any CPU.Build.0 = Release|x64
		{48B7B6C5-8309-4274-9DD7-E42644B4D412}.Release|x64.ActiveCfg = Release|x64
		{48B7B6C5-8309-4274-9DD7-E42644B4D412}.Release|x64.Build.0 = Release|x64
		{C27F2323-D81B-4FCE-916D-32974814DB7B}.Debug|Any CPU.ActiveCfg = Debug|Any CPU
		{C27F2323-D81B-4FCE-916D-32974814DB7B}.Debug|Any CPU.Build.0 = Debug|Any CPU
		{C27F2323-D81B-4FCE-916D-32974814DB7B}.Debug|x64.ActiveCfg = Debug|Any CPU
		{C27F2323-D81B-4FCE-916D-32974814DB7B}.Debug|x64.Build.0 = Debug|Any CPU
		{C27F2323-D81B-4FCE-916D-32974814DB7B}.Release|Any CPU.ActiveCfg = Release|Any CPU
		{C27F2323-D81B-4FCE-916D-32974814DB7B}.Release|Any CPU.Build.0 = Release|Any CPU
		{C27F2323-D81B-4FCE-916D-32974814DB7B}.Release|x64.ActiveCfg = Release|Any CPU
		{C27F2323-D81B-4FCE-916D-32974814DB7B}.Release|x64.Build.0 = Release|Any CPU
		{5D7CCDD8-E712-4CB1-90B0-C5901CEA1C0D}.Debug|Any CPU.ActiveCfg = Debug|Any CPU
		{5D7CCDD8-E712-4CB1-90B0-C5901CEA1C0D}.Debug|Any CPU.Build.0 = Debug|Any CPU
		{5D7CCDD8-E712-4CB1-90B0-C5901CEA1C0D}.Debug|x64.ActiveCfg = Debug|Any CPU
		{5D7CCDD8-E712-4CB1-90B0-C5901CEA1C0D}.Debug|x64.Build.0 = Debug|Any CPU
		{5D7CCDD8-E712-4CB1-90B0-C5901CEA1C0D}.Release|Any CPU.ActiveCfg = Release|Any CPU
		{5D7CCDD8-E712-4CB1-90B0-C5901CEA1C0D}.Release|Any CPU.Build.0 = Release|Any CPU
		{5D7CCDD8-E712-4CB1-90B0-C5901CEA1C0D}.Release|x64.ActiveCfg = Release|Any CPU
		{5D7CCDD8-E712-4CB1-90B0-C5901CEA1C0D}.Release|x64.Build.0 = Release|Any CPU
	EndGlobalSection
	GlobalSection(SolutionProperties) = preSolution
		HideSolutionNode = FALSE
	EndGlobalSection
	GlobalSection(ExtensibilityGlobals) = postSolution
		SolutionGuid = {F18B5A93-A504-4E94-A43E-6F286DA2941E}
	EndGlobalSection
EndGlobal
